// !$*UTF8*$!
{
	archiveVersion = 1;
	classes = {
	};
	objectVersion = 46;
	objects = {

/* Begin PBXBuildFile section */
		4827735E1E669A4400A82DFB /* main.m in Sources */ = {isa = PBXBuildFile; fileRef = 4827735D1E669A4400A82DFB /* main.m */; };
		482773611E669A4400A82DFB /* AppDelegate.m in Sources */ = {isa = PBXBuildFile; fileRef = 482773601E669A4400A82DFB /* AppDelegate.m */; };
		482773641E669A4500A82DFB /* MasterViewController.m in Sources */ = {isa = PBXBuildFile; fileRef = 482773631E669A4500A82DFB /* MasterViewController.m */; };
		482773671E669A4500A82DFB /* DetailViewController.m in Sources */ = {isa = PBXBuildFile; fileRef = 482773661E669A4500A82DFB /* DetailViewController.m */; };
		4827736A1E669A4500A82DFB /* Main.storyboard in Resources */ = {isa = PBXBuildFile; fileRef = 482773681E669A4500A82DFB /* Main.storyboard */; };
		4827736C1E669A4500A82DFB /* Assets.xcassets in Resources */ = {isa = PBXBuildFile; fileRef = 4827736B1E669A4500A82DFB /* Assets.xcassets */; };
		4827736F1E669A4500A82DFB /* LaunchScreen.storyboard in Resources */ = {isa = PBXBuildFile; fileRef = 4827736D1E669A4500A82DFB /* LaunchScreen.storyboard */; };
		482773791E669BB100A82DFB /* LYSAlertView.m in Sources */ = {isa = PBXBuildFile; fileRef = 482773781E669BB100A82DFB /* LYSAlertView.m */; };
/* End PBXBuildFile section */

/* Begin PBXFileReference section */
		482773591E669A4400A82DFB /* LYSAlertView.app */ = {isa = PBXFileReference; explicitFileType = wrapper.application; includeInIndex = 0; path = LYSAlertView.app; sourceTree = BUILT_PRODUCTS_DIR; };
		4827735D1E669A4400A82DFB /* main.m */ = {isa = PBXFileReference; lastKnownFileType = sourcecode.c.objc; path = main.m; sourceTree = "<group>"; };
		4827735F1E669A4400A82DFB /* AppDelegate.h */ = {isa = PBXFileReference; lastKnownFileType = sourcecode.c.h; path = AppDelegate.h; sourceTree = "<group>"; };
		482773601E669A4400A82DFB /* AppDelegate.m */ = {isa = PBXFileReference; lastKnownFileType = sourcecode.c.objc; path = AppDelegate.m; sourceTree = "<group>"; };
		482773621E669A4400A82DFB /* MasterViewController.h */ = {isa = PBXFileReference; lastKnownFileType = sourcecode.c.h; path = MasterViewController.h; sourceTree = "<group>"; };
		482773631E669A4500A82DFB /* MasterViewController.m */ = {isa = PBXFileReference; lastKnownFileType = sourcecode.c.objc; path = MasterViewController.m; sourceTree = "<group>"; };
		482773651E669A4500A82DFB /* DetailViewController.h */ = {isa = PBXFileReference; lastKnownFileType = sourcecode.c.h; path = DetailViewController.h; sourceTree = "<group>"; };
		482773661E669A4500A82DFB /* DetailViewController.m */ = {isa = PBXFileReference; lastKnownFileType = sourcecode.c.objc; path = DetailViewController.m; sourceTree = "<group>"; };
		482773691E669A4500A82DFB /* Base */ = {isa = PBXFileReference; lastKnownFileType = file.storyboard; name = Base; path = Base.lproj/Main.storyboard; sourceTree = "<group>"; };
		4827736B1E669A4500A82DFB /* Assets.xcassets */ = {isa = PBXFileReference; lastKnownFileType = folder.assetcatalog; path = Assets.xcassets; sourceTree = "<group>"; };
		4827736E1E669A4500A82DFB /* Base */ = {isa = PBXFileReference; lastKnownFileType = file.storyboard; name = Base; path = Base.lproj/LaunchScreen.storyboard; sourceTree = "<group>"; };
		482773701E669A4500A82DFB /* Info.plist */ = {isa = PBXFileReference; lastKnownFileType = text.plist.xml; path = Info.plist; sourceTree = "<group>"; };
		482773771E669BB100A82DFB /* LYSAlertView.h */ = {isa = PBXFileReference; fileEncoding = 4; lastKnownFileType = sourcecode.c.h; path = LYSAlertView.h; sourceTree = "<group>"; };
		482773781E669BB100A82DFB /* LYSAlertView.m */ = {isa = PBXFileReference; fileEncoding = 4; lastKnownFileType = sourcecode.c.objc; path = LYSAlertView.m; sourceTree = "<group>"; };
/* End PBXFileReference section */

/* Begin PBXFrameworksBuildPhase section */
		482773561E669A4400A82DFB /* Frameworks */ = {
			isa = PBXFrameworksBuildPhase;
			buildActionMask = 2147483647;
			files = (
			);
			runOnlyForDeploymentPostprocessing = 0;
		};
/* End PBXFrameworksBuildPhase section */

/* Begin PBXGroup section */
		482773501E669A4400A82DFB = {
			isa = PBXGroup;
			children = (
				4827735B1E669A4400A82DFB /* LYSAlertView */,
				4827735A1E669A4400A82DFB /* Products */,
			);
			sourceTree = "<group>";
		};
		4827735A1E669A4400A82DFB /* Products */ = {
			isa = PBXGroup;
			children = (
				482773591E669A4400A82DFB /* LYSAlertView.app */,
			);
			name = Products;
			sourceTree = "<group>";
		};
		4827735B1E669A4400A82DFB /* LYSAlertView */ = {
			isa = PBXGroup;
			children = (
				482773761E669A9300A82DFB /* LYSAlertView */,
				4827735F1E669A4400A82DFB /* AppDelegate.h */,
				482773601E669A4400A82DFB /* AppDelegate.m */,
				482773621E669A4400A82DFB /* MasterViewController.h */,
				482773631E669A4500A82DFB /* MasterViewController.m */,
				482773651E669A4500A82DFB /* DetailViewController.h */,
				482773661E669A4500A82DFB /* DetailViewController.m */,
				482773681E669A4500A82DFB /* Main.storyboard */,
				4827736B1E669A4500A82DFB /* Assets.xcassets */,
				4827736D1E669A4500A82DFB /* LaunchScreen.storyboard */,
				482773701E669A4500A82DFB /* Info.plist */,
				4827735C1E669A4400A82DFB /* Supporting Files */,
			);
			path = LYSAlertView;
			sourceTree = "<group>";
		};
		4827735C1E669A4400A82DFB /* Supporting Files */ = {
			isa = PBXGroup;
			children = (
				4827735D1E669A4400A82DFB /* main.m */,
			);
			name = "Supporting Files";
			sourceTree = "<group>";
		};
		482773761E669A9300A82DFB /* LYSAlertView */ = {
			isa = PBXGroup;
			children = (
				482773771E669BB100A82DFB /* LYSAlertView.h */,
				482773781E669BB100A82DFB /* LYSAlertView.m */,
			);
			path = LYSAlertView;
			sourceTree = "<group>";
		};
/* End PBXGroup section */

/* Begin PBXNativeTarget section */
		482773581E669A4400A82DFB /* LYSAlertView */ = {
			isa = PBXNativeTarget;
			buildConfigurationList = 482773731E669A4500A82DFB /* Build configuration list for PBXNativeTarget "LYSAlertView" */;
			buildPhases = (
				482773551E669A4400A82DFB /* Sources */,
				482773561E669A4400A82DFB /* Frameworks */,
				482773571E669A4400A82DFB /* Resources */,
			);
			buildRules = (
			);
			dependencies = (
			);
			name = LYSAlertView;
			productName = LYSAlertView;
			productReference = 482773591E669A4400A82DFB /* LYSAlertView.app */;
			productType = "com.apple.product-type.application";
		};
/* End PBXNativeTarget section */

/* Begin PBXProject section */
		482773511E669A4400A82DFB /* Project object */ = {
			isa = PBXProject;
			attributes = {
				LastUpgradeCheck = 0730;
				ORGANIZATIONNAME = Goldcard;
				TargetAttributes = {
					482773581E669A4400A82DFB = {
						CreatedOnToolsVersion = 7.3.1;
					};
				};
			};
			buildConfigurationList = 482773541E669A4400A82DFB /* Build configuration list for PBXProject "LYSAlertView" */;
			compatibilityVersion = "Xcode 3.2";
			developmentRegion = English;
			hasScannedForEncodings = 0;
			knownRegions = (
				en,
				Base,
			);
			mainGroup = 482773501E669A4400A82DFB;
			productRefGroup = 4827735A1E669A4400A82DFB /* Products */;
			projectDirPath = "";
			projectRoot = "";
			targets = (
				482773581E669A4400A82DFB /* LYSAlertView */,
			);
		};
/* End PBXProject section */

/* Begin PBXResourcesBuildPhase section */
		482773571E669A4400A82DFB /* Resources */ = {
			isa = PBXResourcesBuildPhase;
			buildActionMask = 2147483647;
			files = (
				4827736F1E669A4500A82DFB /* LaunchScreen.storyboard in Resources */,
				4827736C1E669A4500A82DFB /* Assets.xcassets in Resources */,
				4827736A1E669A4500A82DFB /* Main.storyboard in Resources */,
			);
			runOnlyForDeploymentPostprocessing = 0;
		};
/* End PBXResourcesBuildPhase section */

/* Begin PBXSourcesBuildPhase section */
		482773551E669A4400A82DFB /* Sources */ = {
			isa = PBXSourcesBuildPhase;
			buildActionMask = 2147483647;
			files = (
				482773611E669A4400A82DFB /* AppDelegate.m in Sources */,
				482773641E669A4500A82DFB /* MasterViewController.m in Sources */,
				482773791E669BB100A82DFB /* LYSAlertView.m in Sources */,
				4827735E1E669A4400A82DFB /* main.m in Sources */,
				482773671E669A4500A82DFB /* DetailViewController.m in Sources */,
			);
			runOnlyForDeploymentPostprocessing = 0;
		};
/* End PBXSourcesBuildPhase section */

/* Begin PBXVariantGroup section */
		482773681E669A4500A82DFB /* Main.storyboard */ = {
			isa = PBXVariantGroup;
			children = (
				482773691E669A4500A82DFB /* Base */,
			);
			name = Main.storyboard;
			sourceTree = "<group>";
		};
		4827736D1E669A4500A82DFB /* LaunchScreen.storyboard */ = {
			isa = PBXVariantGroup;
			children = (
				4827736E1E669A4500A82DFB /* Base */,
			);
			name = LaunchScreen.storyboard;
			sourceTree = "<group>";
		};
/* End PBXVariantGroup section */

/* Begin XCBuildConfiguration section */
		482773711E669A4500A82DFB /* Debug */ = {
			isa = XCBuildConfiguration;
			buildSettings = {
				ALWAYS_SEARCH_USER_PATHS = NO;
				CLANG_ANALYZER_NONNULL = YES;
				CLANG_CXX_LANGUAGE_STANDARD = "gnu++0x";
				CLANG_CXX_LIBRARY = "libc++";
				CLANG_ENABLE_MODULES = YES;
				CLANG_ENABLE_OBJC_ARC = YES;
				CLANG_WARN_BOOL_CONVERSION = YES;
				CLANG_WARN_CONSTANT_CONVERSION = YES;
				CLANG_WARN_DIRECT_OBJC_ISA_USAGE = YES_ERROR;
				CLANG_WARN_EMPTY_BODY = YES;
				CLANG_WARN_ENUM_CONVERSION = YES;
				CLANG_WARN_INT_CONVERSION = YES;
				CLANG_WARN_OBJC_ROOT_CLASS = YES_ERROR;
				CLANG_WARN_UNREACHABLE_CODE = YES;
				CLANG_WARN__DUPLICATE_METHOD_MATCH = YES;
				"CODE_SIGN_IDENTITY[sdk=iphoneos*]" = "iPhone Developer";
				COPY_PHASE_STRIP = NO;
				DEBUG_INFORMATION_FORMAT = dwarf;
				ENABLE_STRICT_OBJC_MSGSEND = YES;
				ENABLE_TESTABILITY = YES;
				GCC_C_LANGUAGE_STANDARD = gnu99;
				GCC_DYNAMIC_NO_PIC = NO;
				GCC_NO_COMMON_BLOCKS = YES;
				GCC_OPTIMIZATION_LEVEL = 0;
				GCC_PREPROCESSOR_DEFINITIONS = (
					"DEBUG=1",
					"$(inherited)",
				);
				GCC_WARN_64_TO_32_BIT_CONVERSION = YES;
				GCC_WARN_ABOUT_RETURN_TYPE = YES_ERROR;
				GCC_WARN_UNDECLARED_SELECTOR = YES;
				GCC_WARN_UNINITIALIZED_AUTOS = YES_AGGRESSIVE;
				GCC_WARN_UNUSED_FUNCTION = YES;
				GCC_WARN_UNUSED_VARIABLE = YES;
				IPHONEOS_DEPLOYMENT_TARGET = 9.3;
				MTL_ENABLE_DEBUG_INFO = YES;
				ONLY_ACTIVE_ARCH = YES;
				SDKROOT = iphoneos;
				TARGETED_DEVICE_FAMILY = "1,2";
			};
			name = Debug;
		};
		482773721E669A4500A82DFB /* Release */ = {
			isa = XCBuildConfiguration;
			buildSettings = {
				ALWAYS_SEARCH_USER_PATHS = NO;
				CLANG_ANALYZER_NONNULL = YES;
				CLANG_CXX_LANGUAGE_STANDARD = "gnu++0x";
				CLANG_CXX_LIBRARY = "libc++";
				CLANG_ENABLE_MODULES = YES;
				CLANG_ENABLE_OBJC_ARC = YES;
				CLANG_WARN_BOOL_CONVERSION = YES;
				CLANG_WARN_CONSTANT_CONVERSION = YES;
				CLANG_WARN_DIRECT_OBJC_ISA_USAGE = YES_ERROR;
				CLANG_WARN_EMPTY_BODY = YES;
				CLANG_WARN_ENUM_CONVERSION = YES;
				CLANG_WARN_INT_CONVERSION = YES;
				CLANG_WARN_OBJC_ROOT_CLASS = YES_ERROR;
				CLANG_WARN_UNREACHABLE_CODE = YES;
				CLANG_WARN__DUPLICATE_METHOD_MATCH = YES;
				"CODE_SIGN_IDENTITY[sdk=iphoneos*]" = "iPhone Developer";
				COPY_PHASE_STRIP = NO;
				DEBUG_INFORMATION_FORMAT = "dwarf-with-dsym";
				ENABLE_NS_ASSERTIONS = NO;
				ENABLE_STRICT_OBJC_MSGSEND = YES;
				GCC_C_LANGUAGE_STANDARD = gnu99;
				GCC_NO_COMMON_BLOCKS = YES;
				GCC_WARN_64_TO_32_BIT_CONVERSION = YES;
				GCC_WARN_ABOUT_RETURN_TYPE = YES_ERROR;
				GCC_WARN_UNDECLARED_SELECTOR = YES;
				GCC_WARN_UNINITIALIZED_AUTOS = YES_AGGRESSIVE;
				GCC_WARN_UNUSED_FUNCTION = YES;
				GCC_WARN_UNUSED_VARIABLE = YES;
				IPHONEOS_DEPLOYMENT_TARGET = 9.3;
				MTL_ENABLE_DEBUG_INFO = NO;
				SDKROOT = iphoneos;
				TARGETED_DEVICE_FAMILY = "1,2";
				VALIDATE_PRODUCT = YES;
			};
			name = Release;
		};
		482773741E669A4500A82DFB /* Debug */ = {
			isa = XCBuildConfiguration;
			buildSettings = {
				ASSETCATALOG_COMPILER_APPICON_NAME = AppIcon;
				INFOPLIST_FILE = LYSAlertView/Info.plist;
				LD_RUNPATH_SEARCH_PATHS = "$(inherited) @executable_path/Frameworks";
				PRODUCT_BUNDLE_IDENTIFIER = com.lys.loadbutton.LYSAlertView;
				PRODUCT_NAME = "$(TARGET_NAME)";
			};
			name = Debug;
		};
		482773751E669A4500A82DFB /* Release */ = {
			isa = XCBuildConfiguration;
			buildSettings = {
				ASSETCATALOG_COMPILER_APPICON_NAME = AppIcon;
				INFOPLIST_FILE = LYSAlertView/Info.plist;
				LD_RUNPATH_SEARCH_PATHS = "$(inherited) @executable_path/Frameworks";
				PRODUCT_BUNDLE_IDENTIFIER = com.lys.loadbutton.LYSAlertView;
				PRODUCT_NAME = "$(TARGET_NAME)";
			};
			name = Release;
		};
/* End XCBuildConfiguration section */

/* Begin XCConfigurationList section */
		482773541E669A4400A82DFB /* Build configuration list for PBXProject "LYSAlertView" */ = {
			isa = XCConfigurationList;
			buildConfigurations = (
				482773711E669A4500A82DFB /* Debug */,
				482773721E669A4500A82DFB /* Release */,
			);
			defaultConfigurationIsVisible = 0;
			defaultConfigurationName = Release;
		};
		482773731E669A4500A82DFB /* Build configuration list for PBXNativeTarget "LYSAlertView" */ = {
			isa = XCConfigurationList;
			buildConfigurations = (
				482773741E669A4500A82DFB /* Debug */,
				482773751E669A4500A82DFB /* Release */,
			);
			defaultConfigurationIsVisible = 0;
		};
/* End XCConfigurationList section */
	};
	rootObject = 482773511E669A4400A82DFB /* Project object */;
}
